
Microsoft Visual Studio Solution File, Format Version 12.00
# Visual Studio Version 17
VisualStudioVersion = 17.4.33205.214
MinimumVisualStudioVersion = 10.0.40219.1
Project("{FAE04EC0-301F-11D3-BF4B-00C04F79EFBC}") = "Blogos", "Blogos\Blogos.csproj", "{03FFF39F-DE2B-476A-A53C-583506A2D5FC}"
EndProject
Global
	GlobalSection(SolutionConfigurationPlatforms) = preSolution
		Debug|Any CPU = Debug|Any CPU
		Release|Any CPU = Release|Any CPU
	EndGlobalSection
	GlobalSection(ProjectConfigurationPlatforms) = postSolution
		{03FFF39F-DE2B-476A-A53C-583506A2D5FC}.Debug|Any CPU.ActiveCfg = Debug|Any CPU
		{03FFF39F-DE2B-476A-A53C-583506A2D5FC}.Debug|Any CPU.Build.0 = Debug|Any CPU
		{03FFF39F-DE2B-476A-A53C-583506A2D5FC}.Release|Any CPU.ActiveCfg = Release|Any CPU
		{03FFF39F-DE2B-476A-A53C-583506A2D5FC}.Release|Any CPU.Build.0 = Release|Any CPU
	EndGlobalSection
	GlobalSection(SolutionProperties) = preSolution
		HideSolutionNode = FALSE
	EndGlobalSection
	GlobalSection(ExtensibilityGlobals) = postSolution
		SolutionGuid = {FB099D6A-1D96-4198-8F7D-5FC4C69E14DE}
	EndGlobalSection
EndGlobal
